
Microsoft Visual Studio Solution File, Format Version 12.00
# Visual Studio Version 17
VisualStudioVersion = 17.9.34407.89
MinimumVisualStudioVersion = 10.0.40219.1
Project("{2150E333-8FDC-42A3-9474-1A3956D46DE8}") = "Doc", "Doc", "{2DCA3638-028D-4917-8574-8AE7730F3AEF}"
EndProject
Project("{2150E333-8FDC-42A3-9474-1A3956D46DE8}") = "Src", "Src", "{79B77872-D49E-4BC4-AC7F-AEA1B6C76BA4}"
EndProject
Project("{2150E333-8FDC-42A3-9474-1A3956D46DE8}") = "Test", "Test", "{D35F992A-AB99-4DEA-84D2-6E19F8E45F6A}"
EndProject
Project("{2150E333-8FDC-42A3-9474-1A3956D46DE8}") = "Core", "Core", "{17047843-2B11-4B99-9A0A-10BC967A3298}"
EndProject
Project("{2150E333-8FDC-42A3-9474-1A3956D46DE8}") = "Infrastructure", "Infrastructure", "{DD8B7804-2091-4DA7-85B4-A40E07A43A42}"
EndProject
Project("{2150E333-8FDC-42A3-9474-1A3956D46DE8}") = "Presentation", "Presentation", "{E960D613-E969-4E0A-A70E-4D59E7F8E7DC}"
EndProject
Project("{2150E333-8FDC-42A3-9474-1A3956D46DE8}") = "Common", "Common", "{55FA59B4-75EE-4C46-92D6-52F11DB53E0C}"
EndProject
Project("{FAE04EC0-301F-11D3-BF4B-00C04F79EFBC}") = "StoreSite.Domain", "StoreSite.Domain\StoreSite.Domain.csproj", "{A34C2DB3-59F8-42A6-937F-BB1634C3225B}"
EndProject
Project("{FAE04EC0-301F-11D3-BF4B-00C04F79EFBC}") = "StoreSite.Application", "StoreSite.Application\StoreSite.Application.csproj", "{CA995E4F-96E9-4432-BE6B-F88934B96333}"
EndProject
Project("{FAE04EC0-301F-11D3-BF4B-00C04F79EFBC}") = "StoreSite.Infrastracture", "StoreSite.Infrastracture\StoreSite.Infrastracture.csproj", "{E48D365D-F079-48B8-9A45-40D2609C1F99}"
EndProject
Project("{FAE04EC0-301F-11D3-BF4B-00C04F79EFBC}") = "StoreSite.Persistance", "StoreSite.Persistance\StoreSite.Persistance.csproj", "{AE514D2F-7C80-4EE5-A29E-AA47E588634F}"
EndProject
Project("{FAE04EC0-301F-11D3-BF4B-00C04F79EFBC}") = "EndPoint.Site", "EndPoint.Site\EndPoint.Site.csproj", "{812178B4-65D0-4896-B40C-EB43EE2BB154}"
EndProject
Global
	GlobalSection(SolutionConfigurationPlatforms) = preSolution
		Debug|Any CPU = Debug|Any CPU
		Release|Any CPU = Release|Any CPU
	EndGlobalSection
	GlobalSection(ProjectConfigurationPlatforms) = postSolution
		{A34C2DB3-59F8-42A6-937F-BB1634C3225B}.Debug|Any CPU.ActiveCfg = Debug|Any CPU
		{A34C2DB3-59F8-42A6-937F-BB1634C3225B}.Debug|Any CPU.Build.0 = Debug|Any CPU
		{A34C2DB3-59F8-42A6-937F-BB1634C3225B}.Release|Any CPU.ActiveCfg = Release|Any CPU
		{A34C2DB3-59F8-42A6-937F-BB1634C3225B}.Release|Any CPU.Build.0 = Release|Any CPU
		{CA995E4F-96E9-4432-BE6B-F88934B96333}.Debug|Any CPU.ActiveCfg = Debug|Any CPU
		{CA995E4F-96E9-4432-BE6B-F88934B96333}.Debug|Any CPU.Build.0 = Debug|Any CPU
		{CA995E4F-96E9-4432-BE6B-F88934B96333}.Release|Any CPU.ActiveCfg = Release|Any CPU
		{CA995E4F-96E9-4432-BE6B-F88934B96333}.Release|Any CPU.Build.0 = Release|Any CPU
		{E48D365D-F079-48B8-9A45-40D2609C1F99}.Debug|Any CPU.ActiveCfg = Debug|Any CPU
		{E48D365D-F079-48B8-9A45-40D2609C1F99}.Debug|Any CPU.Build.0 = Debug|Any CPU
		{E48D365D-F079-48B8-9A45-40D2609C1F99}.Release|Any CPU.ActiveCfg = Release|Any CPU
		{E48D365D-F079-48B8-9A45-40D2609C1F99}.Release|Any CPU.Build.0 = Release|Any CPU
		{AE514D2F-7C80-4EE5-A29E-AA47E588634F}.Debug|Any CPU.ActiveCfg = Debug|Any CPU
		{AE514D2F-7C80-4EE5-A29E-AA47E588634F}.Debug|Any CPU.Build.0 = Debug|Any CPU
		{AE514D2F-7C80-4EE5-A29E-AA47E588634F}.Release|Any CPU.ActiveCfg = Release|Any CPU
		{AE514D2F-7C80-4EE5-A29E-AA47E588634F}.Release|Any CPU.Build.0 = Release|Any CPU
		{812178B4-65D0-4896-B40C-EB43EE2BB154}.Debug|Any CPU.ActiveCfg = Debug|Any CPU
		{812178B4-65D0-4896-B40C-EB43EE2BB154}.Debug|Any CPU.Build.0 = Debug|Any CPU
		{812178B4-65D0-4896-B40C-EB43EE2BB154}.Release|Any CPU.ActiveCfg = Release|Any CPU
		{812178B4-65D0-4896-B40C-EB43EE2BB154}.Release|Any CPU.Build.0 = Release|Any CPU
	EndGlobalSection
	GlobalSection(SolutionProperties) = preSolution
		HideSolutionNode = FALSE
	EndGlobalSection
	GlobalSection(NestedProjects) = preSolution
		{17047843-2B11-4B99-9A0A-10BC967A3298} = {79B77872-D49E-4BC4-AC7F-AEA1B6C76BA4}
		{DD8B7804-2091-4DA7-85B4-A40E07A43A42} = {79B77872-D49E-4BC4-AC7F-AEA1B6C76BA4}
		{E960D613-E969-4E0A-A70E-4D59E7F8E7DC} = {79B77872-D49E-4BC4-AC7F-AEA1B6C76BA4}
		{55FA59B4-75EE-4C46-92D6-52F11DB53E0C} = {79B77872-D49E-4BC4-AC7F-AEA1B6C76BA4}
		{A34C2DB3-59F8-42A6-937F-BB1634C3225B} = {17047843-2B11-4B99-9A0A-10BC967A3298}
		{CA995E4F-96E9-4432-BE6B-F88934B96333} = {17047843-2B11-4B99-9A0A-10BC967A3298}
		{E48D365D-F079-48B8-9A45-40D2609C1F99} = {DD8B7804-2091-4DA7-85B4-A40E07A43A42}
		{AE514D2F-7C80-4EE5-A29E-AA47E588634F} = {DD8B7804-2091-4DA7-85B4-A40E07A43A42}
		{812178B4-65D0-4896-B40C-EB43EE2BB154} = {E960D613-E969-4E0A-A70E-4D59E7F8E7DC}
	EndGlobalSection
	GlobalSection(ExtensibilityGlobals) = postSolution
		SolutionGuid = {A2978AEC-7ABF-4123-B738-E5C1445ADA58}
	EndGlobalSection
EndGlobal
